
Microsoft Visual Studio Solution File, Format Version 12.00
# Visual Studio Version 16
VisualStudioVersion = 16.0.28803.156
MinimumVisualStudioVersion = 10.0.40219.1
Project("{FAE04EC0-301F-11D3-BF4B-00C04F79EFBC}") = "meyve", "meyve\meyve.csproj", "{9F4A3EE9-175A-4CE0-848C-361E8B051FAE}"
EndProject
Global
	GlobalSection(SolutionConfigurationPlatforms) = preSolution
		Debug|Any CPU = Debug|Any CPU
		Release|Any CPU = Release|Any CPU
	EndGlobalSection
	GlobalSection(ProjectConfigurationPlatforms) = postSolution
		{9F4A3EE9-175A-4CE0-848C-361E8B051FAE}.Debug|Any CPU.ActiveCfg = Debug|Any CPU
		{9F4A3EE9-175A-4CE0-848C-361E8B051FAE}.Debug|Any CPU.Build.0 = Debug|Any CPU
		{9F4A3EE9-175A-4CE0-848C-361E8B051FAE}.Release|Any CPU.ActiveCfg = Release|Any CPU
		{9F4A3EE9-175A-4CE0-848C-361E8B051FAE}.Release|Any CPU.Build.0 = Release|Any CPU
	EndGlobalSection
	GlobalSection(SolutionProperties) = preSolution
		HideSolutionNode = FALSE
	EndGlobalSection
	GlobalSection(ExtensibilityGlobals) = postSolution
		SolutionGuid = {DB0A6C1F-DFBE-4AA3-BB3C-E00286AF6B81}
	EndGlobalSection
EndGlobal
